
Microsoft Visual Studio Solution File, Format Version 12.00
# Visual Studio Version 17
VisualStudioVersion = 17.0.32014.148
MinimumVisualStudioVersion = 10.0.40219.1
Project("{FAE04EC0-301F-11D3-BF4B-00C04F79EFBC}") = "GrpcService", "GrpcService\GrpcService.csproj", "{F209A79A-3C98-49BA-ADA8-055A8F98C3DF}"
EndProject
Global
	GlobalSection(SolutionConfigurationPlatforms) = preSolution
		Debug|Any CPU = Debug|Any CPU
		Release|Any CPU = Release|Any CPU
	EndGlobalSection
	GlobalSection(ProjectConfigurationPlatforms) = postSolution
		{F209A79A-3C98-49BA-ADA8-055A8F98C3DF}.Debug|Any CPU.ActiveCfg = Debug|Any CPU
		{F209A79A-3C98-49BA-ADA8-055A8F98C3DF}.Debug|Any CPU.Build.0 = Debug|Any CPU
		{F209A79A-3C98-49BA-ADA8-055A8F98C3DF}.Release|Any CPU.ActiveCfg = Release|Any CPU
		{F209A79A-3C98-49BA-ADA8-055A8F98C3DF}.Release|Any CPU.Build.0 = Release|Any CPU
	EndGlobalSection
	GlobalSection(SolutionProperties) = preSolution
		HideSolutionNode = FALSE
	EndGlobalSection
	GlobalSection(ExtensibilityGlobals) = postSolution
		SolutionGuid = {337244D3-E691-4B49-A97C-35C03D4D12FE}
	EndGlobalSection
EndGlobal
